
Microsoft Visual Studio Solution File, Format Version 12.00
# Visual Studio Version 17
VisualStudioVersion = 17.11.35222.181
MinimumVisualStudioVersion = 10.0.40219.1
Project("{FAE04EC0-301F-11D3-BF4B-00C04F79EFBC}") = "btlwebcoban", "btlwebcoban.csproj", "{23727A20-9678-48E1-9D8B-FF13D3ADFE54}"
EndProject
Project("{FAE04EC0-301F-11D3-BF4B-00C04F79EFBC}") = "testingwebcoban", "..\testingwebcoban\testingwebcoban.csproj", "{1D406E7F-309D-4DB6-8A18-FEA28DE3F114}"
EndProject
Global
	GlobalSection(SolutionConfigurationPlatforms) = preSolution
		Debug|Any CPU = Debug|Any CPU
		Release|Any CPU = Release|Any CPU
	EndGlobalSection
	GlobalSection(ProjectConfigurationPlatforms) = postSolution
		{23727A20-9678-48E1-9D8B-FF13D3ADFE54}.Debug|Any CPU.ActiveCfg = Debug|Any CPU
		{23727A20-9678-48E1-9D8B-FF13D3ADFE54}.Debug|Any CPU.Build.0 = Debug|Any CPU
		{23727A20-9678-48E1-9D8B-FF13D3ADFE54}.Release|Any CPU.ActiveCfg = Release|Any CPU
		{23727A20-9678-48E1-9D8B-FF13D3ADFE54}.Release|Any CPU.Build.0 = Release|Any CPU
		{1D406E7F-309D-4DB6-8A18-FEA28DE3F114}.Debug|Any CPU.ActiveCfg = Debug|Any CPU
		{1D406E7F-309D-4DB6-8A18-FEA28DE3F114}.Debug|Any CPU.Build.0 = Debug|Any CPU
		{1D406E7F-309D-4DB6-8A18-FEA28DE3F114}.Release|Any CPU.ActiveCfg = Release|Any CPU
		{1D406E7F-309D-4DB6-8A18-FEA28DE3F114}.Release|Any CPU.Build.0 = Release|Any CPU
	EndGlobalSection
	GlobalSection(SolutionProperties) = preSolution
		HideSolutionNode = FALSE
	EndGlobalSection
	GlobalSection(ExtensibilityGlobals) = postSolution
		SolutionGuid = {ACD6CABD-F975-4E32-A4DF-C1FE1F5A2963}
	EndGlobalSection
EndGlobal
